
Microsoft Visual Studio Solution File, Format Version 12.00
# Visual Studio Version 17
VisualStudioVersion = 17.5.33516.290
MinimumVisualStudioVersion = 10.0.40219.1
Project("{FAE04EC0-301F-11D3-BF4B-00C04F79EFBC}") = "BlogMVC", "BlogMVC\BlogMVC.csproj", "{A9DDBC18-EAD9-472E-BA82-325E99B07C5F}"
EndProject
Global
	GlobalSection(SolutionConfigurationPlatforms) = preSolution
		Debug|Any CPU = Debug|Any CPU
		Release|Any CPU = Release|Any CPU
	EndGlobalSection
	GlobalSection(ProjectConfigurationPlatforms) = postSolution
		{A9DDBC18-EAD9-472E-BA82-325E99B07C5F}.Debug|Any CPU.ActiveCfg = Debug|Any CPU
		{A9DDBC18-EAD9-472E-BA82-325E99B07C5F}.Debug|Any CPU.Build.0 = Debug|Any CPU
		{A9DDBC18-EAD9-472E-BA82-325E99B07C5F}.Release|Any CPU.ActiveCfg = Release|Any CPU
		{A9DDBC18-EAD9-472E-BA82-325E99B07C5F}.Release|Any CPU.Build.0 = Release|Any CPU
	EndGlobalSection
	GlobalSection(SolutionProperties) = preSolution
		HideSolutionNode = FALSE
	EndGlobalSection
	GlobalSection(ExtensibilityGlobals) = postSolution
		SolutionGuid = {0534F939-30D7-4DD3-AEB1-8774EA2393B0}
	EndGlobalSection
EndGlobal
